
Microsoft Visual Studio Solution File, Format Version 12.00
# Visual Studio Version 17
VisualStudioVersion = 17.9.34622.214
MinimumVisualStudioVersion = 10.0.40219.1
Project("{FAE04EC0-301F-11D3-BF4B-00C04F79EFBC}") = "CRUD-BASE-SGU", "CRUD-BASE-SGU\CRUD-BASE-SGU.csproj", "{DFED2337-BE4C-4A23-8C85-46D69B66DE09}"
EndProject
Global
	GlobalSection(SolutionConfigurationPlatforms) = preSolution
		Debug|Any CPU = Debug|Any CPU
		Release|Any CPU = Release|Any CPU
	EndGlobalSection
	GlobalSection(ProjectConfigurationPlatforms) = postSolution
		{DFED2337-BE4C-4A23-8C85-46D69B66DE09}.Debug|Any CPU.ActiveCfg = Debug|Any CPU
		{DFED2337-BE4C-4A23-8C85-46D69B66DE09}.Debug|Any CPU.Build.0 = Debug|Any CPU
		{DFED2337-BE4C-4A23-8C85-46D69B66DE09}.Release|Any CPU.ActiveCfg = Release|Any CPU
		{DFED2337-BE4C-4A23-8C85-46D69B66DE09}.Release|Any CPU.Build.0 = Release|Any CPU
	EndGlobalSection
	GlobalSection(SolutionProperties) = preSolution
		HideSolutionNode = FALSE
	EndGlobalSection
	GlobalSection(ExtensibilityGlobals) = postSolution
		SolutionGuid = {058B9272-076C-4A86-B9BC-3ED453B0539F}
	EndGlobalSection
EndGlobal
